PODS:
  - BEMCheckBox (1.4.0)
  - R.swift (4.0.0):
    - R.swift.Library (~> 4.0.0)
  - R.swift.Library (4.0.0)

DEPENDENCIES:
  - BEMCheckBox
  - R.swift

SPEC REPOS:
  https://github.com/cocoapods/specs.git:
    - BEMCheckBox
    - R.swift
    - R.swift.Library

SPEC CHECKSUMS:
  BEMCheckBox: e18e4a148905b290bd03d98b767651c104f4eda3
  R.swift: d6a5ec2f55a8441dc0ed9f1f8b37d7d11ae85c66
  R.swift.Library: c3af34921024333546e23b70e70d0b4e0cffca75

PODFILE CHECKSUM: aadb271b8d3ed7716e5405fa68f9ae9442676781

COCOAPODS: 1.5.3
