PODS:
  - BEMCheckBox (1.4.0)
  - R.swift (3.2.0):
    - R.swift.Library (~> 3.0.2)
  - R.swift.Library (3.0.2)
  - RxCocoa (3.2.0):
    - RxSwift (~> 3.1)
  - RxSwift (3.2.0)

DEPENDENCIES:
  - BEMCheckBox (~> 1.4)
  - R.swift (~> 3.0)
  - RxCocoa (~> 3.2)
  - RxSwift (~> 3.2)

SPEC CHECKSUMS:
  BEMCheckBox: e18e4a148905b290bd03d98b767651c104f4eda3
  R.swift: 207a372a2b5977caef440c696a368009460641d1
  R.swift.Library: fbdec16c9802ad104fc1ba53415dc190e6ec5c73
  RxCocoa: ccdf43101a70407097a29082f648ba1676075b30
  RxSwift: 46574f70d416b7923c237195939cc488a7fbf3a0

PODFILE CHECKSUM: 58d902cb21ce86d660c9f47b53664fdfe5db14ab

COCOAPODS: 1.1.1
